
Microsoft Visual Studio Solution File, Format Version 12.00
# Visual Studio 15
VisualStudioVersion = 15.0.26730.10
MinimumVisualStudioVersion = 10.0.40219.1
Project("{8BC9CEB8-8B4A-11D0-8D11-00A0C91BC942}") = "sht71sysfs", "sht71sysfs\sht71sysfs.vcxproj", "{22D31CCD-F972-498E-83C2-3925670F5371}"
EndProject
Global
	GlobalSection(SolutionConfigurationPlatforms) = preSolution
		Debug|ARM = Debug|ARM
		Debug|x64 = Debug|x64
		Debug|x86 = Debug|x86
		Release|ARM = Release|ARM
		Release|x64 = Release|x64
		Release|x86 = Release|x86
	EndGlobalSection
	GlobalSection(ProjectConfigurationPlatforms) = postSolution
		{22D31CCD-F972-498E-83C2-3925670F5371}.Debug|ARM.ActiveCfg = Debug|ARM
		{22D31CCD-F972-498E-83C2-3925670F5371}.Debug|ARM.Build.0 = Debug|ARM
		{22D31CCD-F972-498E-83C2-3925670F5371}.Debug|x64.ActiveCfg = Debug|x64
		{22D31CCD-F972-498E-83C2-3925670F5371}.Debug|x64.Build.0 = Debug|x64
		{22D31CCD-F972-498E-83C2-3925670F5371}.Debug|x86.ActiveCfg = Debug|x86
		{22D31CCD-F972-498E-83C2-3925670F5371}.Debug|x86.Build.0 = Debug|x86
		{22D31CCD-F972-498E-83C2-3925670F5371}.Release|ARM.ActiveCfg = Release|ARM
		{22D31CCD-F972-498E-83C2-3925670F5371}.Release|ARM.Build.0 = Release|ARM
		{22D31CCD-F972-498E-83C2-3925670F5371}.Release|x64.ActiveCfg = Release|x64
		{22D31CCD-F972-498E-83C2-3925670F5371}.Release|x64.Build.0 = Release|x64
		{22D31CCD-F972-498E-83C2-3925670F5371}.Release|x86.ActiveCfg = Release|x86
		{22D31CCD-F972-498E-83C2-3925670F5371}.Release|x86.Build.0 = Release|x86
	EndGlobalSection
	GlobalSection(SolutionProperties) = preSolution
		HideSolutionNode = FALSE
	EndGlobalSection
	GlobalSection(ExtensibilityGlobals) = postSolution
		SolutionGuid = {AE83A444-F96B-4D1E-AB01-6CE197DDBA8D}
	EndGlobalSection
EndGlobal
